
Microsoft Visual Studio Solution File, Format Version 12.00
# Visual Studio Version 17
VisualStudioVersion = 17.0.32112.339
MinimumVisualStudioVersion = 10.0.40219.1
Project("{FAE04EC0-301F-11D3-BF4B-00C04F79EFBC}") = "Sealed class", "Sealed class\Sealed class.csproj", "{28EC3413-E48B-403D-9EED-E6F7842CB729}"
EndProject
Global
	GlobalSection(SolutionConfigurationPlatforms) = preSolution
		Debug|Any CPU = Debug|Any CPU
		Release|Any CPU = Release|Any CPU
	EndGlobalSection
	GlobalSection(ProjectConfigurationPlatforms) = postSolution
		{28EC3413-E48B-403D-9EED-E6F7842CB729}.Debug|Any CPU.ActiveCfg = Debug|Any CPU
		{28EC3413-E48B-403D-9EED-E6F7842CB729}.Debug|Any CPU.Build.0 = Debug|Any CPU
		{28EC3413-E48B-403D-9EED-E6F7842CB729}.Release|Any CPU.ActiveCfg = Release|Any CPU
		{28EC3413-E48B-403D-9EED-E6F7842CB729}.Release|Any CPU.Build.0 = Release|Any CPU
	EndGlobalSection
	GlobalSection(SolutionProperties) = preSolution
		HideSolutionNode = FALSE
	EndGlobalSection
	GlobalSection(ExtensibilityGlobals) = postSolution
		SolutionGuid = {24EF8B0B-3C0B-45B9-951E-2205296F8802}
	EndGlobalSection
EndGlobal
