
Microsoft Visual Studio Solution File, Format Version 12.00
# Visual Studio Version 17
VisualStudioVersion = 17.0.32112.339
MinimumVisualStudioVersion = 10.0.40219.1
Project("{FAE04EC0-301F-11D3-BF4B-00C04F79EFBC}") = "Virtual and Override Keyword", "Virtual and Override Keyword\Virtual and Override Keyword.csproj", "{3403C93A-459D-4DAC-A99C-F92CE03FBDB3}"
EndProject
Global
	GlobalSection(SolutionConfigurationPlatforms) = preSolution
		Debug|Any CPU = Debug|Any CPU
		Release|Any CPU = Release|Any CPU
	EndGlobalSection
	GlobalSection(ProjectConfigurationPlatforms) = postSolution
		{3403C93A-459D-4DAC-A99C-F92CE03FBDB3}.Debug|Any CPU.ActiveCfg = Debug|Any CPU
		{3403C93A-459D-4DAC-A99C-F92CE03FBDB3}.Debug|Any CPU.Build.0 = Debug|Any CPU
		{3403C93A-459D-4DAC-A99C-F92CE03FBDB3}.Release|Any CPU.ActiveCfg = Release|Any CPU
		{3403C93A-459D-4DAC-A99C-F92CE03FBDB3}.Release|Any CPU.Build.0 = Release|Any CPU
	EndGlobalSection
	GlobalSection(SolutionProperties) = preSolution
		HideSolutionNode = FALSE
	EndGlobalSection
	GlobalSection(ExtensibilityGlobals) = postSolution
		SolutionGuid = {A4DC9524-7096-4415-875B-A3249A520CCA}
	EndGlobalSection
EndGlobal
