
Microsoft Visual Studio Solution File, Format Version 12.00
# Visual Studio Version 17
VisualStudioVersion = 17.0.32112.339
MinimumVisualStudioVersion = 10.0.40219.1
Project("{FAE04EC0-301F-11D3-BF4B-00C04F79EFBC}") = "BhanuLibrary", "BhanuLibrary\BhanuLibrary.csproj", "{CF53CF9C-D9F0-4BF9-8E02-08D291478F45}"
EndProject
Global
	GlobalSection(SolutionConfigurationPlatforms) = preSolution
		Debug|Any CPU = Debug|Any CPU
		Release|Any CPU = Release|Any CPU
	EndGlobalSection
	GlobalSection(ProjectConfigurationPlatforms) = postSolution
		{CF53CF9C-D9F0-4BF9-8E02-08D291478F45}.Debug|Any CPU.ActiveCfg = Debug|Any CPU
		{CF53CF9C-D9F0-4BF9-8E02-08D291478F45}.Debug|Any CPU.Build.0 = Debug|Any CPU
		{CF53CF9C-D9F0-4BF9-8E02-08D291478F45}.Release|Any CPU.ActiveCfg = Release|Any CPU
		{CF53CF9C-D9F0-4BF9-8E02-08D291478F45}.Release|Any CPU.Build.0 = Release|Any CPU
	EndGlobalSection
	GlobalSection(SolutionProperties) = preSolution
		HideSolutionNode = FALSE
	EndGlobalSection
	GlobalSection(ExtensibilityGlobals) = postSolution
		SolutionGuid = {3F4213DC-9995-4936-A589-468597EC3D42}
	EndGlobalSection
EndGlobal
