
Microsoft Visual Studio Solution File, Format Version 12.00
# Visual Studio Version 17
VisualStudioVersion = 17.0.32112.339
MinimumVisualStudioVersion = 10.0.40219.1
Project("{FAE04EC0-301F-11D3-BF4B-00C04F79EFBC}") = "ClientApp", "ClientApp\ClientApp.csproj", "{AE38B34E-7136-43A7-9FD8-24BF3E282705}"
EndProject
Global
	GlobalSection(SolutionConfigurationPlatforms) = preSolution
		Debug|Any CPU = Debug|Any CPU
		Release|Any CPU = Release|Any CPU
	EndGlobalSection
	GlobalSection(ProjectConfigurationPlatforms) = postSolution
		{AE38B34E-7136-43A7-9FD8-24BF3E282705}.Debug|Any CPU.ActiveCfg = Debug|Any CPU
		{AE38B34E-7136-43A7-9FD8-24BF3E282705}.Debug|Any CPU.Build.0 = Debug|Any CPU
		{AE38B34E-7136-43A7-9FD8-24BF3E282705}.Release|Any CPU.ActiveCfg = Release|Any CPU
		{AE38B34E-7136-43A7-9FD8-24BF3E282705}.Release|Any CPU.Build.0 = Release|Any CPU
	EndGlobalSection
	GlobalSection(SolutionProperties) = preSolution
		HideSolutionNode = FALSE
	EndGlobalSection
	GlobalSection(ExtensibilityGlobals) = postSolution
		SolutionGuid = {03532DCB-E036-4ACF-B25E-18DCB2EAC1B1}
	EndGlobalSection
EndGlobal
