
Microsoft Visual Studio Solution File, Format Version 12.00
# Visual Studio Version 17
VisualStudioVersion = 17.0.32112.339
MinimumVisualStudioVersion = 10.0.40219.1
Project("{FAE04EC0-301F-11D3-BF4B-00C04F79EFBC}") = "sum of n natural number", "sum of n natural number\sum of n natural number.csproj", "{5ABAFBEB-FE57-44A7-AD19-87A71C83F588}"
EndProject
Global
	GlobalSection(SolutionConfigurationPlatforms) = preSolution
		Debug|Any CPU = Debug|Any CPU
		Release|Any CPU = Release|Any CPU
	EndGlobalSection
	GlobalSection(ProjectConfigurationPlatforms) = postSolution
		{5ABAFBEB-FE57-44A7-AD19-87A71C83F588}.Debug|Any CPU.ActiveCfg = Debug|Any CPU
		{5ABAFBEB-FE57-44A7-AD19-87A71C83F588}.Debug|Any CPU.Build.0 = Debug|Any CPU
		{5ABAFBEB-FE57-44A7-AD19-87A71C83F588}.Release|Any CPU.ActiveCfg = Release|Any CPU
		{5ABAFBEB-FE57-44A7-AD19-87A71C83F588}.Release|Any CPU.Build.0 = Release|Any CPU
	EndGlobalSection
	GlobalSection(SolutionProperties) = preSolution
		HideSolutionNode = FALSE
	EndGlobalSection
	GlobalSection(ExtensibilityGlobals) = postSolution
		SolutionGuid = {5AAA12B0-C27A-4FCC-9507-0F22AC1C9A37}
	EndGlobalSection
EndGlobal
