
Microsoft Visual Studio Solution File, Format Version 12.00
# Visual Studio Version 17
VisualStudioVersion = 17.0.32112.339
MinimumVisualStudioVersion = 10.0.40219.1
Project("{FAE04EC0-301F-11D3-BF4B-00C04F79EFBC}") = "Customer and Product classes", "Customer and Product classes\Customer and Product classes.csproj", "{2666A3A3-21CA-4BCD-9B73-AAC9255B68EC}"
EndProject
Global
	GlobalSection(SolutionConfigurationPlatforms) = preSolution
		Debug|Any CPU = Debug|Any CPU
		Release|Any CPU = Release|Any CPU
	EndGlobalSection
	GlobalSection(ProjectConfigurationPlatforms) = postSolution
		{2666A3A3-21CA-4BCD-9B73-AAC9255B68EC}.Debug|Any CPU.ActiveCfg = Debug|Any CPU
		{2666A3A3-21CA-4BCD-9B73-AAC9255B68EC}.Debug|Any CPU.Build.0 = Debug|Any CPU
		{2666A3A3-21CA-4BCD-9B73-AAC9255B68EC}.Release|Any CPU.ActiveCfg = Release|Any CPU
		{2666A3A3-21CA-4BCD-9B73-AAC9255B68EC}.Release|Any CPU.Build.0 = Release|Any CPU
	EndGlobalSection
	GlobalSection(SolutionProperties) = preSolution
		HideSolutionNode = FALSE
	EndGlobalSection
	GlobalSection(ExtensibilityGlobals) = postSolution
		SolutionGuid = {3429A193-B1E1-42E1-905F-290D1BCCEDC0}
	EndGlobalSection
EndGlobal
