
Microsoft Visual Studio Solution File, Format Version 12.00
# Visual Studio Version 17
VisualStudioVersion = 17.0.32112.339
MinimumVisualStudioVersion = 10.0.40219.1
Project("{FAE04EC0-301F-11D3-BF4B-00C04F79EFBC}") = "Product Class(Name and brand)", "Product Class(Name and brand)\Product Class(Name and brand).csproj", "{4E5D39A5-301D-47C9-809E-AC0D4538BDB4}"
EndProject
Global
	GlobalSection(SolutionConfigurationPlatforms) = preSolution
		Debug|Any CPU = Debug|Any CPU
		Release|Any CPU = Release|Any CPU
	EndGlobalSection
	GlobalSection(ProjectConfigurationPlatforms) = postSolution
		{4E5D39A5-301D-47C9-809E-AC0D4538BDB4}.Debug|Any CPU.ActiveCfg = Debug|Any CPU
		{4E5D39A5-301D-47C9-809E-AC0D4538BDB4}.Debug|Any CPU.Build.0 = Debug|Any CPU
		{4E5D39A5-301D-47C9-809E-AC0D4538BDB4}.Release|Any CPU.ActiveCfg = Release|Any CPU
		{4E5D39A5-301D-47C9-809E-AC0D4538BDB4}.Release|Any CPU.Build.0 = Release|Any CPU
	EndGlobalSection
	GlobalSection(SolutionProperties) = preSolution
		HideSolutionNode = FALSE
	EndGlobalSection
	GlobalSection(ExtensibilityGlobals) = postSolution
		SolutionGuid = {678EF07A-2B66-40DC-B7C6-632200324F2A}
	EndGlobalSection
EndGlobal
