
Microsoft Visual Studio Solution File, Format Version 12.00
# Visual Studio Version 17
VisualStudioVersion = 17.0.32112.339
MinimumVisualStudioVersion = 10.0.40219.1
Project("{FAE04EC0-301F-11D3-BF4B-00C04F79EFBC}") = "Interfaces", "Interfaces\Interfaces.csproj", "{7256F7A6-0602-478B-9E35-9D5B942E7D05}"
EndProject
Global
	GlobalSection(SolutionConfigurationPlatforms) = preSolution
		Debug|Any CPU = Debug|Any CPU
		Release|Any CPU = Release|Any CPU
	EndGlobalSection
	GlobalSection(ProjectConfigurationPlatforms) = postSolution
		{7256F7A6-0602-478B-9E35-9D5B942E7D05}.Debug|Any CPU.ActiveCfg = Debug|Any CPU
		{7256F7A6-0602-478B-9E35-9D5B942E7D05}.Debug|Any CPU.Build.0 = Debug|Any CPU
		{7256F7A6-0602-478B-9E35-9D5B942E7D05}.Release|Any CPU.ActiveCfg = Release|Any CPU
		{7256F7A6-0602-478B-9E35-9D5B942E7D05}.Release|Any CPU.Build.0 = Release|Any CPU
	EndGlobalSection
	GlobalSection(SolutionProperties) = preSolution
		HideSolutionNode = FALSE
	EndGlobalSection
	GlobalSection(ExtensibilityGlobals) = postSolution
		SolutionGuid = {224DBDC6-929B-43AA-A404-3104769199C1}
	EndGlobalSection
EndGlobal
