
Microsoft Visual Studio Solution File, Format Version 12.00
# Visual Studio Version 17
VisualStudioVersion = 17.0.32112.339
MinimumVisualStudioVersion = 10.0.40219.1
Project("{FAE04EC0-301F-11D3-BF4B-00C04F79EFBC}") = "Multipliaction table of a number", "Multipliaction table of a number\Multipliaction table of a number.csproj", "{50A54F08-EE4F-457D-AB30-6CBEF8D417DE}"
EndProject
Global
	GlobalSection(SolutionConfigurationPlatforms) = preSolution
		Debug|Any CPU = Debug|Any CPU
		Release|Any CPU = Release|Any CPU
	EndGlobalSection
	GlobalSection(ProjectConfigurationPlatforms) = postSolution
		{50A54F08-EE4F-457D-AB30-6CBEF8D417DE}.Debug|Any CPU.ActiveCfg = Debug|Any CPU
		{50A54F08-EE4F-457D-AB30-6CBEF8D417DE}.Debug|Any CPU.Build.0 = Debug|Any CPU
		{50A54F08-EE4F-457D-AB30-6CBEF8D417DE}.Release|Any CPU.ActiveCfg = Release|Any CPU
		{50A54F08-EE4F-457D-AB30-6CBEF8D417DE}.Release|Any CPU.Build.0 = Release|Any CPU
	EndGlobalSection
	GlobalSection(SolutionProperties) = preSolution
		HideSolutionNode = FALSE
	EndGlobalSection
	GlobalSection(ExtensibilityGlobals) = postSolution
		SolutionGuid = {907CEEC0-D660-4C01-AD8A-AF8C1C2F8FCD}
	EndGlobalSection
EndGlobal
