
Microsoft Visual Studio Solution File, Format Version 12.00
# Visual Studio Version 17
VisualStudioVersion = 17.0.32112.339
MinimumVisualStudioVersion = 10.0.40219.1
Project("{FAE04EC0-301F-11D3-BF4B-00C04F79EFBC}") = "Employees-more than 5000 salary", "Employees-more than 5000 salary\Employees-more than 5000 salary.csproj", "{626BDE02-6182-48D1-A647-A9531F0C30A0}"
EndProject
Global
	GlobalSection(SolutionConfigurationPlatforms) = preSolution
		Debug|Any CPU = Debug|Any CPU
		Release|Any CPU = Release|Any CPU
	EndGlobalSection
	GlobalSection(ProjectConfigurationPlatforms) = postSolution
		{626BDE02-6182-48D1-A647-A9531F0C30A0}.Debug|Any CPU.ActiveCfg = Debug|Any CPU
		{626BDE02-6182-48D1-A647-A9531F0C30A0}.Debug|Any CPU.Build.0 = Debug|Any CPU
		{626BDE02-6182-48D1-A647-A9531F0C30A0}.Release|Any CPU.ActiveCfg = Release|Any CPU
		{626BDE02-6182-48D1-A647-A9531F0C30A0}.Release|Any CPU.Build.0 = Release|Any CPU
	EndGlobalSection
	GlobalSection(SolutionProperties) = preSolution
		HideSolutionNode = FALSE
	EndGlobalSection
	GlobalSection(ExtensibilityGlobals) = postSolution
		SolutionGuid = {2A532633-DE7D-472E-BCFC-E4334A0FC119}
	EndGlobalSection
EndGlobal
