
Microsoft Visual Studio Solution File, Format Version 12.00
# Visual Studio Version 17
VisualStudioVersion = 17.1.32210.238
MinimumVisualStudioVersion = 10.0.40219.1
Project("{FAE04EC0-301F-11D3-BF4B-00C04F79EFBC}") = "BhanuClientApp", "BhanuClientApp\BhanuClientApp.csproj", "{B4760123-5BA2-4264-BD00-220166724029}"
EndProject
Project("{FAE04EC0-301F-11D3-BF4B-00C04F79EFBC}") = "BusinessLogicLibraray", "BusinessLogicLibraray\BusinessLogicLibraray.csproj", "{D168693A-ADC7-425A-ABE2-935FC23151D4}"
EndProject
Project("{FAE04EC0-301F-11D3-BF4B-00C04F79EFBC}") = "DataAccessLibraray", "DataAccessLibraray\DataAccessLibraray.csproj", "{21913938-EE1A-4C1C-A15E-C29E4DD424E3}"
EndProject
Global
	GlobalSection(SolutionConfigurationPlatforms) = preSolution
		Debug|Any CPU = Debug|Any CPU
		Release|Any CPU = Release|Any CPU
	EndGlobalSection
	GlobalSection(ProjectConfigurationPlatforms) = postSolution
		{B4760123-5BA2-4264-BD00-220166724029}.Debug|Any CPU.ActiveCfg = Debug|Any CPU
		{B4760123-5BA2-4264-BD00-220166724029}.Debug|Any CPU.Build.0 = Debug|Any CPU
		{B4760123-5BA2-4264-BD00-220166724029}.Release|Any CPU.ActiveCfg = Release|Any CPU
		{B4760123-5BA2-4264-BD00-220166724029}.Release|Any CPU.Build.0 = Release|Any CPU
		{D168693A-ADC7-425A-ABE2-935FC23151D4}.Debug|Any CPU.ActiveCfg = Debug|Any CPU
		{D168693A-ADC7-425A-ABE2-935FC23151D4}.Debug|Any CPU.Build.0 = Debug|Any CPU
		{D168693A-ADC7-425A-ABE2-935FC23151D4}.Release|Any CPU.ActiveCfg = Release|Any CPU
		{D168693A-ADC7-425A-ABE2-935FC23151D4}.Release|Any CPU.Build.0 = Release|Any CPU
		{21913938-EE1A-4C1C-A15E-C29E4DD424E3}.Debug|Any CPU.ActiveCfg = Debug|Any CPU
		{21913938-EE1A-4C1C-A15E-C29E4DD424E3}.Debug|Any CPU.Build.0 = Debug|Any CPU
		{21913938-EE1A-4C1C-A15E-C29E4DD424E3}.Release|Any CPU.ActiveCfg = Release|Any CPU
		{21913938-EE1A-4C1C-A15E-C29E4DD424E3}.Release|Any CPU.Build.0 = Release|Any CPU
	EndGlobalSection
	GlobalSection(SolutionProperties) = preSolution
		HideSolutionNode = FALSE
	EndGlobalSection
	GlobalSection(ExtensibilityGlobals) = postSolution
		SolutionGuid = {0A37CCD9-9D3E-4105-8A9E-9577B332ACD7}
	EndGlobalSection
EndGlobal
