
Microsoft Visual Studio Solution File, Format Version 12.00
# Visual Studio Version 17
VisualStudioVersion = 17.0.32112.339
MinimumVisualStudioVersion = 10.0.40219.1
Project("{FAE04EC0-301F-11D3-BF4B-00C04F79EFBC}") = "Day13 Assignment10", "Day13 Assignment10\Day13 Assignment10.csproj", "{827868AA-D44A-487F-BA40-44B1DAF511CF}"
EndProject
Global
	GlobalSection(SolutionConfigurationPlatforms) = preSolution
		Debug|Any CPU = Debug|Any CPU
		Release|Any CPU = Release|Any CPU
	EndGlobalSection
	GlobalSection(ProjectConfigurationPlatforms) = postSolution
		{827868AA-D44A-487F-BA40-44B1DAF511CF}.Debug|Any CPU.ActiveCfg = Debug|Any CPU
		{827868AA-D44A-487F-BA40-44B1DAF511CF}.Debug|Any CPU.Build.0 = Debug|Any CPU
		{827868AA-D44A-487F-BA40-44B1DAF511CF}.Release|Any CPU.ActiveCfg = Release|Any CPU
		{827868AA-D44A-487F-BA40-44B1DAF511CF}.Release|Any CPU.Build.0 = Release|Any CPU
	EndGlobalSection
	GlobalSection(SolutionProperties) = preSolution
		HideSolutionNode = FALSE
	EndGlobalSection
	GlobalSection(ExtensibilityGlobals) = postSolution
		SolutionGuid = {C3A1E0FB-44C2-48B4-A33B-B6D99182EBF5}
	EndGlobalSection
EndGlobal
